// !$*UTF8*$!
{
	archiveVersion = 1;
	classes = {
	};
	objectVersion = 46;
	objects = {

/* Begin PBXBuildFile section */
		FB26AF351D5B24420015E380 /* main.m in Sources */ = {isa = PBXBuildFile; fileRef = FB26AF341D5B24420015E380 /* main.m */; };
		FB26AF381D5B24420015E380 /* AppDelegate.m in Sources */ = {isa = PBXBuildFile; fileRef = FB26AF371D5B24420015E380 /* AppDelegate.m */; };
		FB26AF3B1D5B24420015E380 /* ViewController.m in Sources */ = {isa = PBXBuildFile; fileRef = FB26AF3A1D5B24420015E380 /* ViewController.m */; };
		FB26AF3E1D5B24420015E380 /* Main.storyboard in Resources */ = {isa = PBXBuildFile; fileRef = FB26AF3C1D5B24420015E380 /* Main.storyboard */; };
		FB26AF401D5B24420015E380 /* Assets.xcassets in Resources */ = {isa = PBXBuildFile; fileRef = FB26AF3F1D5B24420015E380 /* Assets.xcassets */; };
		FB26AF431D5B24420015E380 /* LaunchScreen.storyboard in Resources */ = {isa = PBXBuildFile; fileRef = FB26AF411D5B24420015E380 /* LaunchScreen.storyboard */; };
/* End PBXBuildFile section */

/* Begin PBXFileReference section */
		FB26AF301D5B24420015E380 /* CustomCamera.app */ = {isa = PBXFileReference; explicitFileType = wrapper.application; includeInIndex = 0; path = CustomCamera.app; sourceTree = BUILT_PRODUCTS_DIR; };
		FB26AF341D5B24420015E380 /* main.m */ = {isa = PBXFileReference; lastKnownFileType = sourcecode.c.objc; path = main.m; sourceTree = "<group>"; };
		FB26AF361D5B24420015E380 /* AppDelegate.h */ = {isa = PBXFileReference; lastKnownFileType = sourcecode.c.h; path = AppDelegate.h; sourceTree = "<group>"; };
		FB26AF371D5B24420015E380 /* AppDelegate.m */ = {isa = PBXFileReference; lastKnownFileType = sourcecode.c.objc; path = AppDelegate.m; sourceTree = "<group>"; };
		FB26AF391D5B24420015E380 /* ViewController.h */ = {isa = PBXFileReference; lastKnownFileType = sourcecode.c.h; path = ViewController.h; sourceTree = "<group>"; };
		FB26AF3A1D5B24420015E380 /* ViewController.m */ = {isa = PBXFileReference; lastKnownFileType = sourcecode.c.objc; path = ViewController.m; sourceTree = "<group>"; };
		FB26AF3D1D5B24420015E380 /* Base */ = {isa = PBXFileReference; lastKnownFileType = file.storyboard; name = Base; path = Base.lproj/Main.storyboard; sourceTree = "<group>"; };
		FB26AF3F1D5B24420015E380 /* Assets.xcassets */ = {isa = PBXFileReference; lastKnownFileType = folder.assetcatalog; path = Assets.xcassets; sourceTree = "<group>"; };
		FB26AF421D5B24420015E380 /* Base */ = {isa = PBXFileReference; lastKnownFileType = file.storyboard; name = Base; path = Base.lproj/LaunchScreen.storyboard; sourceTree = "<group>"; };
		FB26AF441D5B24420015E380 /* Info.plist */ = {isa = PBXFileReference; lastKnownFileType = text.plist.xml; path = Info.plist; sourceTree = "<group>"; };
/* End PBXFileReference section */

/* Begin PBXFrameworksBuildPhase section */
		FB26AF2D1D5B24420015E380 /* Frameworks */ = {
			isa = PBXFrameworksBuildPhase;
			buildActionMask = 2147483647;
			files = (
			);
			runOnlyForDeploymentPostprocessing = 0;
		};
/* End PBXFrameworksBuildPhase section */

/* Begin PBXGroup section */
		FB26AF271D5B24420015E380 = {
			isa = PBXGroup;
			children = (
				FB26AF321D5B24420015E380 /* CustomCamera */,
				FB26AF311D5B24420015E380 /* Products */,
			);
			sourceTree = "<group>";
		};
		FB26AF311D5B24420015E380 /* Products */ = {
			isa = PBXGroup;
			children = (
				FB26AF301D5B24420015E380 /* CustomCamera.app */,
			);
			name = Products;
			sourceTree = "<group>";
		};
		FB26AF321D5B24420015E380 /* CustomCamera */ = {
			isa = PBXGroup;
			children = (
				FB26AF361D5B24420015E380 /* AppDelegate.h */,
				FB26AF371D5B24420015E380 /* AppDelegate.m */,
				FB26AF391D5B24420015E380 /* ViewController.h */,
				FB26AF3A1D5B24420015E380 /* ViewController.m */,
				FB26AF3C1D5B24420015E380 /* Main.storyboard */,
				FB26AF3F1D5B24420015E380 /* Assets.xcassets */,
				FB26AF411D5B24420015E380 /* LaunchScreen.storyboard */,
				FB26AF441D5B24420015E380 /* Info.plist */,
				FB26AF331D5B24420015E380 /* Supporting Files */,
			);
			path = CustomCamera;
			sourceTree = "<group>";
		};
		FB26AF331D5B24420015E380 /* Supporting Files */ = {
			isa = PBXGroup;
			children = (
				FB26AF341D5B24420015E380 /* main.m */,
			);
			name = "Supporting Files";
			sourceTree = "<group>";
		};
/* End PBXGroup section */

/* Begin PBXNativeTarget section */
		FB26AF2F1D5B24420015E380 /* CustomCamera */ = {
			isa = PBXNativeTarget;
			buildConfigurationList = FB26AF471D5B24420015E380 /* Build configuration list for PBXNativeTarget "CustomCamera" */;
			buildPhases = (
				FB26AF2C1D5B24420015E380 /* Sources */,
				FB26AF2D1D5B24420015E380 /* Frameworks */,
				FB26AF2E1D5B24420015E380 /* Resources */,
			);
			buildRules = (
			);
			dependencies = (
			);
			name = CustomCamera;
			productName = CustomCamera;
			productReference = FB26AF301D5B24420015E380 /* CustomCamera.app */;
			productType = "com.apple.product-type.application";
		};
/* End PBXNativeTarget section */

/* Begin PBXProject section */
		FB26AF281D5B24420015E380 /* Project object */ = {
			isa = PBXProject;
			attributes = {
				LastUpgradeCheck = 0730;
				ORGANIZATIONNAME = ronghua_li;
				TargetAttributes = {
					FB26AF2F1D5B24420015E380 = {
						CreatedOnToolsVersion = 7.3.1;
					};
				};
			};
			buildConfigurationList = FB26AF2B1D5B24420015E380 /* Build configuration list for PBXProject "CustomCamera" */;
			compatibilityVersion = "Xcode 3.2";
			developmentRegion = English;
			hasScannedForEncodings = 0;
			knownRegions = (
				en,
				Base,
			);
			mainGroup = FB26AF271D5B24420015E380;
			productRefGroup = FB26AF311D5B24420015E380 /* Products */;
			projectDirPath = "";
			projectRoot = "";
			targets = (
				FB26AF2F1D5B24420015E380 /* CustomCamera */,
			);
		};
/* End PBXProject section */

/* Begin PBXResourcesBuildPhase section */
		FB26AF2E1D5B24420015E380 /* Resources */ = {
			isa = PBXResourcesBuildPhase;
			buildActionMask = 2147483647;
			files = (
				FB26AF431D5B24420015E380 /* LaunchScreen.storyboard in Resources */,
				FB26AF401D5B24420015E380 /* Assets.xcassets in Resources */,
				FB26AF3E1D5B24420015E380 /* Main.storyboard in Resources */,
			);
			runOnlyForDeploymentPostprocessing = 0;
		};
/* End PBXResourcesBuildPhase section */

/* Begin PBXSourcesBuildPhase section */
		FB26AF2C1D5B24420015E380 /* Sources */ = {
			isa = PBXSourcesBuildPhase;
			buildActionMask = 2147483647;
			files = (
				FB26AF3B1D5B24420015E380 /* ViewController.m in Sources */,
				FB26AF381D5B24420015E380 /* AppDelegate.m in Sources */,
				FB26AF351D5B24420015E380 /* main.m in Sources */,
			);
			runOnlyForDeploymentPostprocessing = 0;
		};
/* End PBXSourcesBuildPhase section */

/* Begin PBXVariantGroup section */
		FB26AF3C1D5B24420015E380 /* Main.storyboard */ = {
			isa = PBXVariantGroup;
			children = (
				FB26AF3D1D5B24420015E380 /* Base */,
			);
			name = Main.storyboard;
			sourceTree = "<group>";
		};
		FB26AF411D5B24420015E380 /* LaunchScreen.storyboard */ = {
			isa = PBXVariantGroup;
			children = (
				FB26AF421D5B24420015E380 /* Base */,
			);
			name = LaunchScreen.storyboard;
			sourceTree = "<group>";
		};
/* End PBXVariantGroup section */

/* Begin XCBuildConfiguration section */
		FB26AF451D5B24420015E380 /* Debug */ = {
			isa = XCBuildConfiguration;
			buildSettings = {
				ALWAYS_SEARCH_USER_PATHS = NO;
				CLANG_ANALYZER_NONNULL = YES;
				CLANG_CXX_LANGUAGE_STANDARD = "gnu++0x";
				CLANG_CXX_LIBRARY = "libc++";
				CLANG_ENABLE_MODULES = YES;
				CLANG_ENABLE_OBJC_ARC = YES;
				CLANG_WARN_BOOL_CONVERSION = YES;
				CLANG_WARN_CONSTANT_CONVERSION = YES;
				CLANG_WARN_DIRECT_OBJC_ISA_USAGE = YES_ERROR;
				CLANG_WARN_EMPTY_BODY = YES;
				CLANG_WARN_ENUM_CONVERSION = YES;
				CLANG_WARN_INT_CONVERSION = YES;
				CLANG_WARN_OBJC_ROOT_CLASS = YES_ERROR;
				CLANG_WARN_UNREACHABLE_CODE = YES;
				CLANG_WARN__DUPLICATE_METHOD_MATCH = YES;
				"CODE_SIGN_IDENTITY[sdk=iphoneos*]" = "iPhone Developer";
				COPY_PHASE_STRIP = NO;
				DEBUG_INFORMATION_FORMAT = dwarf;
				ENABLE_STRICT_OBJC_MSGSEND = YES;
				ENABLE_TESTABILITY = YES;
				GCC_C_LANGUAGE_STANDARD = gnu99;
				GCC_DYNAMIC_NO_PIC = NO;
				GCC_NO_COMMON_BLOCKS = YES;
				GCC_OPTIMIZATION_LEVEL = 0;
				GCC_PREPROCESSOR_DEFINITIONS = (
					"DEBUG=1",
					"$(inherited)",
				);
				GCC_WARN_64_TO_32_BIT_CONVERSION = YES;
				GCC_WARN_ABOUT_RETURN_TYPE = YES_ERROR;
				GCC_WARN_UNDECLARED_SELECTOR = YES;
				GCC_WARN_UNINITIALIZED_AUTOS = YES_AGGRESSIVE;
				GCC_WARN_UNUSED_FUNCTION = YES;
				GCC_WARN_UNUSED_VARIABLE = YES;
				IPHONEOS_DEPLOYMENT_TARGET = 9.3;
				MTL_ENABLE_DEBUG_INFO = YES;
				ONLY_ACTIVE_ARCH = YES;
				SDKROOT = iphoneos;
			};
			name = Debug;
		};
		FB26AF461D5B24420015E380 /* Release */ = {
			isa = XCBuildConfiguration;
			buildSettings = {
				ALWAYS_SEARCH_USER_PATHS = NO;
				CLANG_ANALYZER_NONNULL = YES;
				CLANG_CXX_LANGUAGE_STANDARD = "gnu++0x";
				CLANG_CXX_LIBRARY = "libc++";
				CLANG_ENABLE_MODULES = YES;
				CLANG_ENABLE_OBJC_ARC = YES;
				CLANG_WARN_BOOL_CONVERSION = YES;
				CLANG_WARN_CONSTANT_CONVERSION = YES;
				CLANG_WARN_DIRECT_OBJC_ISA_USAGE = YES_ERROR;
				CLANG_WARN_EMPTY_BODY = YES;
				CLANG_WARN_ENUM_CONVERSION = YES;
				CLANG_WARN_INT_CONVERSION = YES;
				CLANG_WARN_OBJC_ROOT_CLASS = YES_ERROR;
				CLANG_WARN_UNREACHABLE_CODE = YES;
				CLANG_WARN__DUPLICATE_METHOD_MATCH = YES;
				"CODE_SIGN_IDENTITY[sdk=iphoneos*]" = "iPhone Developer";
				COPY_PHASE_STRIP = NO;
				DEBUG_INFORMATION_FORMAT = "dwarf-with-dsym";
				ENABLE_NS_ASSERTIONS = NO;
				ENABLE_STRICT_OBJC_MSGSEND = YES;
				GCC_C_LANGUAGE_STANDARD = gnu99;
				GCC_NO_COMMON_BLOCKS = YES;
				GCC_WARN_64_TO_32_BIT_CONVERSION = YES;
				GCC_WARN_ABOUT_RETURN_TYPE = YES_ERROR;
				GCC_WARN_UNDECLARED_SELECTOR = YES;
				GCC_WARN_UNINITIALIZED_AUTOS = YES_AGGRESSIVE;
				GCC_WARN_UNUSED_FUNCTION = YES;
				GCC_WARN_UNUSED_VARIABLE = YES;
				IPHONEOS_DEPLOYMENT_TARGET = 9.3;
				MTL_ENABLE_DEBUG_INFO = NO;
				SDKROOT = iphoneos;
				VALIDATE_PRODUCT = YES;
			};
			name = Release;
		};
		FB26AF481D5B24420015E380 /* Debug */ = {
			isa = XCBuildConfiguration;
			buildSettings = {
				ASSETCATALOG_COMPILER_APPICON_NAME = AppIcon;
				INFOPLIST_FILE = CustomCamera/Info.plist;
				LD_RUNPATH_SEARCH_PATHS = "$(inherited) @executable_path/Frameworks";
				PRODUCT_BUNDLE_IDENTIFIER = com.hitszcerc.CustomCamera;
				PRODUCT_NAME = "$(TARGET_NAME)";
			};
			name = Debug;
		};
		FB26AF491D5B24420015E380 /* Release */ = {
			isa = XCBuildConfiguration;
			buildSettings = {
				ASSETCATALOG_COMPILER_APPICON_NAME = AppIcon;
				INFOPLIST_FILE = CustomCamera/Info.plist;
				LD_RUNPATH_SEARCH_PATHS = "$(inherited) @executable_path/Frameworks";
				PRODUCT_BUNDLE_IDENTIFIER = com.hitszcerc.CustomCamera;
				PRODUCT_NAME = "$(TARGET_NAME)";
			};
			name = Release;
		};
/* End XCBuildConfiguration section */

/* Begin XCConfigurationList section */
		FB26AF2B1D5B24420015E380 /* Build configuration list for PBXProject "CustomCamera" */ = {
			isa = XCConfigurationList;
			buildConfigurations = (
				FB26AF451D5B24420015E380 /* Debug */,
				FB26AF461D5B24420015E380 /* Release */,
			);
			defaultConfigurationIsVisible = 0;
			defaultConfigurationName = Release;
		};
		FB26AF471D5B24420015E380 /* Build configuration list for PBXNativeTarget "CustomCamera" */ = {
			isa = XCConfigurationList;
			buildConfigurations = (
				FB26AF481D5B24420015E380 /* Debug */,
				FB26AF491D5B24420015E380 /* Release */,
			);
			defaultConfigurationIsVisible = 0;
		};
/* End XCConfigurationList section */
	};
	rootObject = FB26AF281D5B24420015E380 /* Project object */;
}
